{
  "name": "hello-world-js",
  "version": "0.0.2",
  "lockfileVersion": 3,
  "requires": true,
  "packages": {
    "": {
      "name": "hello-world-js",
      "version": "0.0.2",
      "license": "MIT",
      "dependencies": {
        "hello-world-js": "^0.0.2"
      }
    },
    "node_modules/hello-world-js": {
      "version": "0.0.2",
      "resolved": "https://registry.npmjs.org/hello-world-js/-/hello-world-js-0.0.2.tgz",
      "integrity": "sha512-rPxp1rfv0GbQGXnzP1uUOx+k87NkVMhNqfBIkG3kZUwaczgrj36/s+FbIrSm9y44VzJAWjj6TZar95OaPmF/oA=="
    }
  }
}
